
Microsoft Visual Studio Solution File, Format Version 12.00
# Visual Studio 15
VisualStudioVersion = 15.0.27004.2009
MinimumVisualStudioVersion = 10.0.40219.1
Project("{FAE04EC0-301F-11D3-BF4B-00C04F79EFBC}") = "Pizzaria1", "Pizzaria1\Pizzaria1.csproj", "{F2571E19-BB3A-46FA-B1A1-15ECD9392887}"
EndProject
Project("{FAE04EC0-301F-11D3-BF4B-00C04F79EFBC}") = "PizzeriaDomen", "PizzeriaDomen\PizzeriaDomen.csproj", "{A8A8A4C7-D469-49EC-85D3-89296674CF98}"
EndProject
Project("{FAE04EC0-301F-11D3-BF4B-00C04F79EFBC}") = "PizzeriaService", "PizzeriaService\PizzeriaService.csproj", "{18288FE2-6128-44C8-A405-6976DBA2D564}"
EndProject
Project("{FAE04EC0-301F-11D3-BF4B-00C04F79EFBC}") = "Host", "Host\Host.csproj", "{9410F7DA-45C7-40E4-BB10-5EC94DF5F99C}"
EndProject
Global
	GlobalSection(SolutionConfigurationPlatforms) = preSolution
		Debug|Any CPU = Debug|Any CPU
		Release|Any CPU = Release|Any CPU
	EndGlobalSection
	GlobalSection(ProjectConfigurationPlatforms) = postSolution
		{F2571E19-BB3A-46FA-B1A1-15ECD9392887}.Debug|Any CPU.ActiveCfg = Debug|Any CPU
		{F2571E19-BB3A-46FA-B1A1-15ECD9392887}.Debug|Any CPU.Build.0 = Debug|Any CPU
		{F2571E19-BB3A-46FA-B1A1-15ECD9392887}.Release|Any CPU.ActiveCfg = Release|Any CPU
		{F2571E19-BB3A-46FA-B1A1-15ECD9392887}.Release|Any CPU.Build.0 = Release|Any CPU
		{A8A8A4C7-D469-49EC-85D3-89296674CF98}.Debug|Any CPU.ActiveCfg = Debug|Any CPU
		{A8A8A4C7-D469-49EC-85D3-89296674CF98}.Debug|Any CPU.Build.0 = Debug|Any CPU
		{A8A8A4C7-D469-49EC-85D3-89296674CF98}.Release|Any CPU.ActiveCfg = Release|Any CPU
		{A8A8A4C7-D469-49EC-85D3-89296674CF98}.Release|Any CPU.Build.0 = Release|Any CPU
		{18288FE2-6128-44C8-A405-6976DBA2D564}.Debug|Any CPU.ActiveCfg = Debug|Any CPU
		{18288FE2-6128-44C8-A405-6976DBA2D564}.Debug|Any CPU.Build.0 = Debug|Any CPU
		{18288FE2-6128-44C8-A405-6976DBA2D564}.Release|Any CPU.ActiveCfg = Release|Any CPU
		{18288FE2-6128-44C8-A405-6976DBA2D564}.Release|Any CPU.Build.0 = Release|Any CPU
		{9410F7DA-45C7-40E4-BB10-5EC94DF5F99C}.Debug|Any CPU.ActiveCfg = Debug|Any CPU
		{9410F7DA-45C7-40E4-BB10-5EC94DF5F99C}.Debug|Any CPU.Build.0 = Debug|Any CPU
		{9410F7DA-45C7-40E4-BB10-5EC94DF5F99C}.Release|Any CPU.ActiveCfg = Release|Any CPU
		{9410F7DA-45C7-40E4-BB10-5EC94DF5F99C}.Release|Any CPU.Build.0 = Release|Any CPU
	EndGlobalSection
	GlobalSection(SolutionProperties) = preSolution
		HideSolutionNode = FALSE
	EndGlobalSection
	GlobalSection(ExtensibilityGlobals) = postSolution
		SolutionGuid = {5595544F-EE47-496A-A18D-0396B72C49E3}
	EndGlobalSection
EndGlobal
